# This file is automatically @generated by Cargo.
# It is not intended for manual editing.
version = 4

[[package]]
name = "receipts-bench"
version = "0.0.0"
dependencies = [
 "receipts-core",
]

[[package]]
name = "receipts-cf"
version = "0.0.0"
dependencies = [
 "receipts-core",
 "receipts-lineage",
]

[[package]]
name = "receipts-circuit"
version = "0.0.0"
dependencies = [
 "receipts-core",
 "receipts-lineage",
]

[[package]]
name = "receipts-core"
version = "0.0.0"

[[package]]
name = "receipts-exec"
version = "0.0.0"
dependencies = [
 "receipts-core",
 "receipts-plan",
]

[[package]]
name = "receipts-lineage"
version = "0.0.0"
dependencies = [
 "receipts-core",
]

[[package]]
name = "receipts-plan"
version = "0.0.0"
dependencies = [
 "receipts-core",
]

[[package]]
name = "receipts-snapshot"
version = "0.0.0"
dependencies = [
 "receipts-core",
]

[[package]]
name = "receipts-wasm"
version = "0.0.0"
dependencies = [
 "receipts-cf",
 "receipts-circuit",
 "receipts-core",
 "receipts-exec",
 "receipts-lineage",
 "receipts-plan",
]
